// !$*UTF8*$!
{
	archiveVersion = 1;
	classes = {
	};
	objectVersion = 56;
	objects = {

/* Begin PBXBuildFile section */
		BE11C41728EDF2830096654C /* AppDelegate.swift in Sources */ = {isa = PBXBuildFile; fileRef = BE11C41628EDF2830096654C /* AppDelegate.swift */; };
		BE11C41928EDF2830096654C /* SceneDelegate.swift in Sources */ = {isa = PBXBuildFile; fileRef = BE11C41828EDF2830096654C /* SceneDelegate.swift */; };
		BE11C41B28EDF2830096654C /* ViewController.swift in Sources */ = {isa = PBXBuildFile; fileRef = BE11C41A28EDF2830096654C /* ViewController.swift */; };
		BE11C41E28EDF2830096654C /* Main.storyboard in Resources */ = {isa = PBXBuildFile; fileRef = BE11C41C28EDF2830096654C /* Main.storyboard */; };
		BE11C42028EDF2830096654C /* Assets.xcassets in Resources */ = {isa = PBXBuildFile; fileRef = BE11C41F28EDF2830096654C /* Assets.xcassets */; };
		BE11C42328EDF2830096654C /* LaunchScreen.storyboard in Resources */ = {isa = PBXBuildFile; fileRef = BE11C42128EDF2830096654C /* LaunchScreen.storyboard */; };
		BE11C42C28EDF4B40096654C /* Gamer.swift in Sources */ = {isa = PBXBuildFile; fileRef = BE11C42B28EDF4B40096654C /* Gamer.swift */; };
		BE11C42F28EDF8180096654C /* Dice.swift in Sources */ = {isa = PBXBuildFile; fileRef = BE11C42E28EDF8180096654C /* Dice.swift */; };
		BE11C43228EDF8E70096654C /* Board.swift in Sources */ = {isa = PBXBuildFile; fileRef = BE11C43128EDF8E70096654C /* Board.swift */; };
		BE11C43A28EE20F40096654C /* GameRules.swift in Sources */ = {isa = PBXBuildFile; fileRef = BE11C43928EE20F40096654C /* GameRules.swift */; };
/* End PBXBuildFile section */

/* Begin PBXFileReference section */
		BE11C41328EDF2830096654C /* HW_2_MiniGame.app */ = {isa = PBXFileReference; explicitFileType = wrapper.application; includeInIndex = 0; path = HW_2_MiniGame.app; sourceTree = BUILT_PRODUCTS_DIR; };
		BE11C41628EDF2830096654C /* AppDelegate.swift */ = {isa = PBXFileReference; lastKnownFileType = sourcecode.swift; path = AppDelegate.swift; sourceTree = "<group>"; };
		BE11C41828EDF2830096654C /* SceneDelegate.swift */ = {isa = PBXFileReference; lastKnownFileType = sourcecode.swift; path = SceneDelegate.swift; sourceTree = "<group>"; };
		BE11C41A28EDF2830096654C /* ViewController.swift */ = {isa = PBXFileReference; lastKnownFileType = sourcecode.swift; path = ViewController.swift; sourceTree = "<group>"; };
		BE11C41D28EDF2830096654C /* Base */ = {isa = PBXFileReference; lastKnownFileType = file.storyboard; name = Base; path = Base.lproj/Main.storyboard; sourceTree = "<group>"; };
		BE11C41F28EDF2830096654C /* Assets.xcassets */ = {isa = PBXFileReference; lastKnownFileType = folder.assetcatalog; path = Assets.xcassets; sourceTree = "<group>"; };
		BE11C42228EDF2830096654C /* Base */ = {isa = PBXFileReference; lastKnownFileType = file.storyboard; name = Base; path = Base.lproj/LaunchScreen.storyboard; sourceTree = "<group>"; };
		BE11C42428EDF2830096654C /* Info.plist */ = {isa = PBXFileReference; lastKnownFileType = text.plist.xml; path = Info.plist; sourceTree = "<group>"; };
		BE11C42B28EDF4B40096654C /* Gamer.swift */ = {isa = PBXFileReference; lastKnownFileType = sourcecode.swift; path = Gamer.swift; sourceTree = "<group>"; };
		BE11C42E28EDF8180096654C /* Dice.swift */ = {isa = PBXFileReference; lastKnownFileType = sourcecode.swift; path = Dice.swift; sourceTree = "<group>"; };
		BE11C43128EDF8E70096654C /* Board.swift */ = {isa = PBXFileReference; lastKnownFileType = sourcecode.swift; path = Board.swift; sourceTree = "<group>"; };
		BE11C43928EE20F40096654C /* GameRules.swift */ = {isa = PBXFileReference; lastKnownFileType = sourcecode.swift; path = GameRules.swift; sourceTree = "<group>"; };
/* End PBXFileReference section */

/* Begin PBXFrameworksBuildPhase section */
		BE11C41028EDF2830096654C /* Frameworks */ = {
			isa = PBXFrameworksBuildPhase;
			buildActionMask = 2147483647;
			files = (
			);
			runOnlyForDeploymentPostprocessing = 0;
		};
/* End PBXFrameworksBuildPhase section */

/* Begin PBXGroup section */
		BE11C40A28EDF2830096654C = {
			isa = PBXGroup;
			children = (
				BE11C41528EDF2830096654C /* HW_2_MiniGame */,
				BE11C41428EDF2830096654C /* Products */,
			);
			sourceTree = "<group>";
		};
		BE11C41428EDF2830096654C /* Products */ = {
			isa = PBXGroup;
			children = (
				BE11C41328EDF2830096654C /* HW_2_MiniGame.app */,
			);
			name = Products;
			sourceTree = "<group>";
		};
		BE11C41528EDF2830096654C /* HW_2_MiniGame */ = {
			isa = PBXGroup;
			children = (
				BE11C43828EE20630096654C /* GameRules */,
				BE11C43028EDF8D90096654C /* Board */,
				BE11C42D28EDF80D0096654C /* Dice */,
				BE11C42A28EDF4860096654C /* Gamers */,
				BE11C41628EDF2830096654C /* AppDelegate.swift */,
				BE11C41828EDF2830096654C /* SceneDelegate.swift */,
				BE11C41A28EDF2830096654C /* ViewController.swift */,
				BE11C41C28EDF2830096654C /* Main.storyboard */,
				BE11C41F28EDF2830096654C /* Assets.xcassets */,
				BE11C42128EDF2830096654C /* LaunchScreen.storyboard */,
				BE11C42428EDF2830096654C /* Info.plist */,
			);
			path = HW_2_MiniGame;
			sourceTree = "<group>";
		};
		BE11C42A28EDF4860096654C /* Gamers */ = {
			isa = PBXGroup;
			children = (
				BE11C42B28EDF4B40096654C /* Gamer.swift */,
			);
			path = Gamers;
			sourceTree = "<group>";
		};
		BE11C42D28EDF80D0096654C /* Dice */ = {
			isa = PBXGroup;
			children = (
				BE11C42E28EDF8180096654C /* Dice.swift */,
			);
			path = Dice;
			sourceTree = "<group>";
		};
		BE11C43028EDF8D90096654C /* Board */ = {
			isa = PBXGroup;
			children = (
				BE11C43128EDF8E70096654C /* Board.swift */,
			);
			path = Board;
			sourceTree = "<group>";
		};
		BE11C43828EE20630096654C /* GameRules */ = {
			isa = PBXGroup;
			children = (
				BE11C43928EE20F40096654C /* GameRules.swift */,
			);
			path = GameRules;
			sourceTree = "<group>";
		};
/* End PBXGroup section */

/* Begin PBXNativeTarget section */
		BE11C41228EDF2830096654C /* HW_2_MiniGame */ = {
			isa = PBXNativeTarget;
			buildConfigurationList = BE11C42728EDF2830096654C /* Build configuration list for PBXNativeTarget "HW_2_MiniGame" */;
			buildPhases = (
				BE11C40F28EDF2830096654C /* Sources */,
				BE11C41028EDF2830096654C /* Frameworks */,
				BE11C41128EDF2830096654C /* Resources */,
			);
			buildRules = (
			);
			dependencies = (
			);
			name = HW_2_MiniGame;
			productName = HW_2_MiniGame;
			productReference = BE11C41328EDF2830096654C /* HW_2_MiniGame.app */;
			productType = "com.apple.product-type.application";
		};
/* End PBXNativeTarget section */

/* Begin PBXProject section */
		BE11C40B28EDF2830096654C /* Project object */ = {
			isa = PBXProject;
			attributes = {
				BuildIndependentTargetsInParallel = 1;
				LastSwiftUpdateCheck = 1400;
				LastUpgradeCheck = 1400;
				TargetAttributes = {
					BE11C41228EDF2830096654C = {
						CreatedOnToolsVersion = 14.0.1;
					};
				};
			};
			buildConfigurationList = BE11C40E28EDF2830096654C /* Build configuration list for PBXProject "HW_2_MiniGame" */;
			compatibilityVersion = "Xcode 14.0";
			developmentRegion = en;
			hasScannedForEncodings = 0;
			knownRegions = (
				en,
				Base,
			);
			mainGroup = BE11C40A28EDF2830096654C;
			productRefGroup = BE11C41428EDF2830096654C /* Products */;
			projectDirPath = "";
			projectRoot = "";
			targets = (
				BE11C41228EDF2830096654C /* HW_2_MiniGame */,
			);
		};
/* End PBXProject section */

/* Begin PBXResourcesBuildPhase section */
		BE11C41128EDF2830096654C /* Resources */ = {
			isa = PBXResourcesBuildPhase;
			buildActionMask = 2147483647;
			files = (
				BE11C42328EDF2830096654C /* LaunchScreen.storyboard in Resources */,
				BE11C42028EDF2830096654C /* Assets.xcassets in Resources */,
				BE11C41E28EDF2830096654C /* Main.storyboard in Resources */,
			);
			runOnlyForDeploymentPostprocessing = 0;
		};
/* End PBXResourcesBuildPhase section */

/* Begin PBXSourcesBuildPhase section */
		BE11C40F28EDF2830096654C /* Sources */ = {
			isa = PBXSourcesBuildPhase;
			buildActionMask = 2147483647;
			files = (
				BE11C41B28EDF2830096654C /* ViewController.swift in Sources */,
				BE11C41728EDF2830096654C /* AppDelegate.swift in Sources */,
				BE11C43A28EE20F40096654C /* GameRules.swift in Sources */,
				BE11C43228EDF8E70096654C /* Board.swift in Sources */,
				BE11C42F28EDF8180096654C /* Dice.swift in Sources */,
				BE11C42C28EDF4B40096654C /* Gamer.swift in Sources */,
				BE11C41928EDF2830096654C /* SceneDelegate.swift in Sources */,
			);
			runOnlyForDeploymentPostprocessing = 0;
		};
/* End PBXSourcesBuildPhase section */

/* Begin PBXVariantGroup section */
		BE11C41C28EDF2830096654C /* Main.storyboard */ = {
			isa = PBXVariantGroup;
			children = (
				BE11C41D28EDF2830096654C /* Base */,
			);
			name = Main.storyboard;
			sourceTree = "<group>";
		};
		BE11C42128EDF2830096654C /* LaunchScreen.storyboard */ = {
			isa = PBXVariantGroup;
			children = (
				BE11C42228EDF2830096654C /* Base */,
			);
			name = LaunchScreen.storyboard;
			sourceTree = "<group>";
		};
/* End PBXVariantGroup section */

/* Begin XCBuildConfiguration section */
		BE11C42528EDF2830096654C /* Debug */ = {
			isa = XCBuildConfiguration;
			buildSettings = {
				ALWAYS_SEARCH_USER_PATHS = NO;
				CLANG_ANALYZER_NONNULL = YES;
				CLANG_ANALYZER_NUMBER_OBJECT_CONVERSION = YES_AGGRESSIVE;
				CLANG_CXX_LANGUAGE_STANDARD = "gnu++20";
				CLANG_ENABLE_MODULES = YES;
				CLANG_ENABLE_OBJC_ARC = YES;
				CLANG_ENABLE_OBJC_WEAK = YES;
				CLANG_WARN_BLOCK_CAPTURE_AUTORELEASING = YES;
				CLANG_WARN_BOOL_CONVERSION = YES;
				CLANG_WARN_COMMA = YES;
				CLANG_WARN_CONSTANT_CONVERSION = YES;
				CLANG_WARN_DEPRECATED_OBJC_IMPLEMENTATIONS = YES;
				CLANG_WARN_DIRECT_OBJC_ISA_USAGE = YES_ERROR;
				CLANG_WARN_DOCUMENTATION_COMMENTS = YES;
				CLANG_WARN_EMPTY_BODY = YES;
				CLANG_WARN_ENUM_CONVERSION = YES;
				CLANG_WARN_INFINITE_RECURSION = YES;
				CLANG_WARN_INT_CONVERSION = YES;
				CLANG_WARN_NON_LITERAL_NULL_CONVERSION = YES;
				CLANG_WARN_OBJC_IMPLICIT_RETAIN_SELF = YES;
				CLANG_WARN_OBJC_LITERAL_CONVERSION = YES;
				CLANG_WARN_OBJC_ROOT_CLASS = YES_ERROR;
				CLANG_WARN_QUOTED_INCLUDE_IN_FRAMEWORK_HEADER = YES;
				CLANG_WARN_RANGE_LOOP_ANALYSIS = YES;
				CLANG_WARN_STRICT_PROTOTYPES = YES;
				CLANG_WARN_SUSPICIOUS_MOVE = YES;
				CLANG_WARN_UNGUARDED_AVAILABILITY = YES_AGGRESSIVE;
				CLANG_WARN_UNREACHABLE_CODE = YES;
				CLANG_WARN__DUPLICATE_METHOD_MATCH = YES;
				COPY_PHASE_STRIP = NO;
				DEBUG_INFORMATION_FORMAT = dwarf;
				ENABLE_STRICT_OBJC_MSGSEND = YES;
				ENABLE_TESTABILITY = YES;
				GCC_C_LANGUAGE_STANDARD = gnu11;
				GCC_DYNAMIC_NO_PIC = NO;
				GCC_NO_COMMON_BLOCKS = YES;
				GCC_OPTIMIZATION_LEVEL = 0;
				GCC_PREPROCESSOR_DEFINITIONS = (
					"DEBUG=1",
					"$(inherited)",
				);
				GCC_WARN_64_TO_32_BIT_CONVERSION = YES;
				GCC_WARN_ABOUT_RETURN_TYPE = YES_ERROR;
				GCC_WARN_UNDECLARED_SELECTOR = YES;
				GCC_WARN_UNINITIALIZED_AUTOS = YES_AGGRESSIVE;
				GCC_WARN_UNUSED_FUNCTION = YES;
				GCC_WARN_UNUSED_VARIABLE = YES;
				IPHONEOS_DEPLOYMENT_TARGET = 16.0;
				MTL_ENABLE_DEBUG_INFO = INCLUDE_SOURCE;
				MTL_FAST_MATH = YES;
				ONLY_ACTIVE_ARCH = YES;
				SDKROOT = iphoneos;
				SWIFT_ACTIVE_COMPILATION_CONDITIONS = DEBUG;
				SWIFT_OPTIMIZATION_LEVEL = "-Onone";
			};
			name = Debug;
		};
		BE11C42628EDF2830096654C /* Release */ = {
			isa = XCBuildConfiguration;
			buildSettings = {
				ALWAYS_SEARCH_USER_PATHS = NO;
				CLANG_ANALYZER_NONNULL = YES;
				CLANG_ANALYZER_NUMBER_OBJECT_CONVERSION = YES_AGGRESSIVE;
				CLANG_CXX_LANGUAGE_STANDARD = "gnu++20";
				CLANG_ENABLE_MODULES = YES;
				CLANG_ENABLE_OBJC_ARC = YES;
				CLANG_ENABLE_OBJC_WEAK = YES;
				CLANG_WARN_BLOCK_CAPTURE_AUTORELEASING = YES;
				CLANG_WARN_BOOL_CONVERSION = YES;
				CLANG_WARN_COMMA = YES;
				CLANG_WARN_CONSTANT_CONVERSION = YES;
				CLANG_WARN_DEPRECATED_OBJC_IMPLEMENTATIONS = YES;
				CLANG_WARN_DIRECT_OBJC_ISA_USAGE = YES_ERROR;
				CLANG_WARN_DOCUMENTATION_COMMENTS = YES;
				CLANG_WARN_EMPTY_BODY = YES;
				CLANG_WARN_ENUM_CONVERSION = YES;
				CLANG_WARN_INFINITE_RECURSION = YES;
				CLANG_WARN_INT_CONVERSION = YES;
				CLANG_WARN_NON_LITERAL_NULL_CONVERSION = YES;
				CLANG_WARN_OBJC_IMPLICIT_RETAIN_SELF = YES;
				CLANG_WARN_OBJC_LITERAL_CONVERSION = YES;
				CLANG_WARN_OBJC_ROOT_CLASS = YES_ERROR;
				CLANG_WARN_QUOTED_INCLUDE_IN_FRAMEWORK_HEADER = YES;
				CLANG_WARN_RANGE_LOOP_ANALYSIS = YES;
				CLANG_WARN_STRICT_PROTOTYPES = YES;
				CLANG_WARN_SUSPICIOUS_MOVE = YES;
				CLANG_WARN_UNGUARDED_AVAILABILITY = YES_AGGRESSIVE;
				CLANG_WARN_UNREACHABLE_CODE = YES;
				CLANG_WARN__DUPLICATE_METHOD_MATCH = YES;
				COPY_PHASE_STRIP = NO;
				DEBUG_INFORMATION_FORMAT = "dwarf-with-dsym";
				ENABLE_NS_ASSERTIONS = NO;
				ENABLE_STRICT_OBJC_MSGSEND = YES;
				GCC_C_LANGUAGE_STANDARD = gnu11;
				GCC_NO_COMMON_BLOCKS = YES;
				GCC_WARN_64_TO_32_BIT_CONVERSION = YES;
				GCC_WARN_ABOUT_RETURN_TYPE = YES_ERROR;
				GCC_WARN_UNDECLARED_SELECTOR = YES;
				GCC_WARN_UNINITIALIZED_AUTOS = YES_AGGRESSIVE;
				GCC_WARN_UNUSED_FUNCTION = YES;
				GCC_WARN_UNUSED_VARIABLE = YES;
				IPHONEOS_DEPLOYMENT_TARGET = 16.0;
				MTL_ENABLE_DEBUG_INFO = NO;
				MTL_FAST_MATH = YES;
				SDKROOT = iphoneos;
				SWIFT_COMPILATION_MODE = wholemodule;
				SWIFT_OPTIMIZATION_LEVEL = "-O";
				VALIDATE_PRODUCT = YES;
			};
			name = Release;
		};
		BE11C42828EDF2830096654C /* Debug */ = {
			isa = XCBuildConfiguration;
			buildSettings = {
				ASSETCATALOG_COMPILER_APPICON_NAME = AppIcon;
				ASSETCATALOG_COMPILER_GLOBAL_ACCENT_COLOR_NAME = AccentColor;
				CODE_SIGN_STYLE = Automatic;
				CURRENT_PROJECT_VERSION = 1;
				DEVELOPMENT_TEAM = 637V5ANJMR;
				GENERATE_INFOPLIST_FILE = YES;
				INFOPLIST_FILE = HW_2_MiniGame/Info.plist;
				INFOPLIST_KEY_UIApplicationSupportsIndirectInputEvents = YES;
				INFOPLIST_KEY_UILaunchStoryboardName = LaunchScreen;
				INFOPLIST_KEY_UIMainStoryboardFile = Main;
				INFOPLIST_KEY_UISupportedInterfaceOrientations_iPad = "UIInterfaceOrientationPortrait UIInterfaceOrientationPortraitUpsideDown UIInterfaceOrientationLandscapeLeft UIInterfaceOrientationLandscapeRight";
				INFOPLIST_KEY_UISupportedInterfaceOrientations_iPhone = "UIInterfaceOrientationPortrait UIInterfaceOrientationLandscapeLeft UIInterfaceOrientationLandscapeRight";
				LD_RUNPATH_SEARCH_PATHS = (
					"$(inherited)",
					"@executable_path/Frameworks",
				);
				MARKETING_VERSION = 1.0;
				PRODUCT_BUNDLE_IDENTIFIER = "MikhailovskyiYevhenii.HW-2-MiniGame";
				PRODUCT_NAME = "$(TARGET_NAME)";
				SWIFT_EMIT_LOC_STRINGS = YES;
				SWIFT_VERSION = 5.0;
				TARGETED_DEVICE_FAMILY = "1,2";
			};
			name = Debug;
		};
		BE11C42928EDF2830096654C /* Release */ = {
			isa = XCBuildConfiguration;
			buildSettings = {
				ASSETCATALOG_COMPILER_APPICON_NAME = AppIcon;
				ASSETCATALOG_COMPILER_GLOBAL_ACCENT_COLOR_NAME = AccentColor;
				CODE_SIGN_STYLE = Automatic;
				CURRENT_PROJECT_VERSION = 1;
				DEVELOPMENT_TEAM = 637V5ANJMR;
				GENERATE_INFOPLIST_FILE = YES;
				INFOPLIST_FILE = HW_2_MiniGame/Info.plist;
				INFOPLIST_KEY_UIApplicationSupportsIndirectInputEvents = YES;
				INFOPLIST_KEY_UILaunchStoryboardName = LaunchScreen;
				INFOPLIST_KEY_UIMainStoryboardFile = Main;
				INFOPLIST_KEY_UISupportedInterfaceOrientations_iPad = "UIInterfaceOrientationPortrait UIInterfaceOrientationPortraitUpsideDown UIInterfaceOrientationLandscapeLeft UIInterfaceOrientationLandscapeRight";
				INFOPLIST_KEY_UISupportedInterfaceOrientations_iPhone = "UIInterfaceOrientationPortrait UIInterfaceOrientationLandscapeLeft UIInterfaceOrientationLandscapeRight";
				LD_RUNPATH_SEARCH_PATHS = (
					"$(inherited)",
					"@executable_path/Frameworks",
				);
				MARKETING_VERSION = 1.0;
				PRODUCT_BUNDLE_IDENTIFIER = "MikhailovskyiYevhenii.HW-2-MiniGame";
				PRODUCT_NAME = "$(TARGET_NAME)";
				SWIFT_EMIT_LOC_STRINGS = YES;
				SWIFT_VERSION = 5.0;
				TARGETED_DEVICE_FAMILY = "1,2";
			};
			name = Release;
		};
/* End XCBuildConfiguration section */

/* Begin XCConfigurationList section */
		BE11C40E28EDF2830096654C /* Build configuration list for PBXProject "HW_2_MiniGame" */ = {
			isa = XCConfigurationList;
			buildConfigurations = (
				BE11C42528EDF2830096654C /* Debug */,
				BE11C42628EDF2830096654C /* Release */,
			);
			defaultConfigurationIsVisible = 0;
			defaultConfigurationName = Release;
		};
		BE11C42728EDF2830096654C /* Build configuration list for PBXNativeTarget "HW_2_MiniGame" */ = {
			isa = XCConfigurationList;
			buildConfigurations = (
				BE11C42828EDF2830096654C /* Debug */,
				BE11C42928EDF2830096654C /* Release */,
			);
			defaultConfigurationIsVisible = 0;
			defaultConfigurationName = Release;
		};
/* End XCConfigurationList section */
	};
	rootObject = BE11C40B28EDF2830096654C /* Project object */;
}
